{
  "object": {
    "pins": [
      {
        "package": "AlertX",
        "repositoryURL": "https://github.com/neel-makhecha/AlertX.git",
        "state": {
          "branch": null,
          "revision": "8a360e662b6347735140b3216ff4aa5fe97af681",
          "version": "1.2.1"
        }
      },
      {
        "package": "SwiftUI_CSS",
        "repositoryURL": "https://github.com/hite/SwiftUI-CSS.git",
        "state": {
          "branch": null,
          "revision": "111294aef6e75fb0d07b9fdd9739155c4a7a8eef",
          "version": "1.2.4"
        }
      }
    ]
  },
  "version": 1
}
